<?xml version="1.0" encoding="utf-8"?>
<Project ToolsVersion="4.0" xmlns="http://schemas.microsoft.com/developer/msbuild/2003">
  <ItemGroup>
    <Filter Include="Source Files">
      <UniqueIdentifier>{4222d9fc-60ed-4385-8d34-8d6656d0b79d}</UniqueIdentifier>
      <Extensions>cpp;c;cxx;rc;def;r;odl;idl;hpj;bat</Extensions>
    </Filter>
    <Filter Include="Header Files">
      <UniqueIdentifier>{5eee4e71-ac7c-4dae-a933-07ee00d41060}</UniqueIdentifier>
      <Extensions>h;hpp;hxx;hm;inl</Extensions>
    </Filter>
    <Filter Include="Resource Files">
      <UniqueIdentifier>{9e6d4510-9cc9-49d7-8845-38f21ee4aa65}</UniqueIdentifier>
      <Extensions>ico;cur;bmp;dlg;rc2;rct;bin;rgs;gif;jpg;jpeg;jpe</Extensions>
    </Filter>
  </ItemGroup>
  <ItemGroup>
    <ClCompile Include="fnmatch.cpp">
      <Filter>Source Files</Filter>
    </ClCompile>
    <ClCompile Include="pathsync.cpp">
      <Filter>Source Files</Filter>
    </ClCompile>
    <ClCompile Include="..\WDL\win32_utf8.c">
      <Filter>Source Files</Filter>
    </ClCompile>
    <ClCompile Include="..\WDL\wingui\wndsize.cpp">
      <Filter>Source Files</Filter>
    </ClCompile>
  </ItemGroup>
  <ItemGroup>
    <ClInclude Include="fnmatch.h">
      <Filter>Source Files</Filter>
    </ClInclude>
    <ClInclude Include="..\WDL\wingui\wndsize.h">
      <Filter>Source Files</Filter>
    </ClInclude>
    <ClInclude Include="..\WDL\dirscan.h">
      <Filter>Header Files</Filter>
    </ClInclude>
    <ClInclude Include="..\WDL\fileread.h">
      <Filter>Header Files</Filter>
    </ClInclude>
    <ClInclude Include="..\WDL\filewrite.h">
      <Filter>Header Files</Filter>
    </ClInclude>
    <ClInclude Include="..\WDL\heapbuf.h">
      <Filter>Header Files</Filter>
    </ClInclude>
    <ClInclude Include="..\WDL\ptrlist.h">
      <Filter>Header Files</Filter>
    </ClInclude>
    <ClInclude Include="..\WDL\wdlstring.h">
      <Filter>Header Files</Filter>
    </ClInclude>
    <ClInclude Include="..\WDL\wdltypes.h">
      <Filter>Header Files</Filter>
    </ClInclude>
    <ClInclude Include="..\WDL\win32_utf8.h">
      <Filter>Header Files</Filter>
    </ClInclude>
    <ClInclude Include="resource.h">
      <Filter>Header Files</Filter>
    </ClInclude>
  </ItemGroup>
  <ItemGroup>
    <Image Include="icon1.ico">
      <Filter>Resource Files</Filter>
    </Image>
  </ItemGroup>
  <ItemGroup>
    <ResourceCompile Include="res.rc">
      <Filter>Resource Files</Filter>
    </ResourceCompile>
  </ItemGroup>
</Project>